{
  "originHash" : "a2fc303e4b16c93c972ef2ddc4042cf91a9400e5d1639bc9740a80c0336cdd4e",
  "pins" : [
    {
      "identity" : "posthog-ios",
      "kind" : "remoteSourceControl",
      "location" : "https://github.com/PostHog/posthog-ios",
      "state" : {
        "revision" : "dfbd8259873263d2e8c12fc99eaa206e21d4613e",
        "version" : "3.71.2"
      }
    }
  ],
  "version" : 3
}
